
Microsoft Visual Studio Solution File, Format Version 12.00
# Visual Studio Version 17
VisualStudioVersion = 17.11.35312.102
MinimumVisualStudioVersion = 10.0.40219.1
Project("{FAE04EC0-301F-11D3-BF4B-00C04F79EFBC}") = "ApiGateway.App", "ApiGateway.App\ApiGateway.App.csproj", "{1F3FDF5C-154E-41A7-AF0C-0358FE0A26B3}"
EndProject
Global
	GlobalSection(SolutionConfigurationPlatforms) = preSolution
		Debug|Any CPU = Debug|Any CPU
		Release|Any CPU = Release|Any CPU
	EndGlobalSection
	GlobalSection(ProjectConfigurationPlatforms) = postSolution
		{1F3FDF5C-154E-41A7-AF0C-0358FE0A26B3}.Debug|Any CPU.ActiveCfg = Debug|Any CPU
		{1F3FDF5C-154E-41A7-AF0C-0358FE0A26B3}.Debug|Any CPU.Build.0 = Debug|Any CPU
		{1F3FDF5C-154E-41A7-AF0C-0358FE0A26B3}.Release|Any CPU.ActiveCfg = Release|Any CPU
		{1F3FDF5C-154E-41A7-AF0C-0358FE0A26B3}.Release|Any CPU.Build.0 = Release|Any CPU
	EndGlobalSection
	GlobalSection(SolutionProperties) = preSolution
		HideSolutionNode = FALSE
	EndGlobalSection
	GlobalSection(ExtensibilityGlobals) = postSolution
		SolutionGuid = {584365AE-B60D-403F-BCF4-87A95BE4648B}
	EndGlobalSection
EndGlobal
